
Microsoft Visual Studio Solution File, Format Version 12.00
# Visual Studio Version 17
VisualStudioVersion = 17.4.33213.308
MinimumVisualStudioVersion = 10.0.40219.1
Project("{FAE04EC0-301F-11D3-BF4B-00C04F79EFBC}") = "SignalRDemo", "SignalRDemo.csproj", "{EA14FF69-35D8-4297-8199-5E1F6D4C0EC0}"
EndProject
Global
	GlobalSection(SolutionConfigurationPlatforms) = preSolution
		Debug|Any CPU = Debug|Any CPU
		Release|Any CPU = Release|Any CPU
	EndGlobalSection
	GlobalSection(ProjectConfigurationPlatforms) = postSolution
		{EA14FF69-35D8-4297-8199-5E1F6D4C0EC0}.Debug|Any CPU.ActiveCfg = Debug|Any CPU
		{EA14FF69-35D8-4297-8199-5E1F6D4C0EC0}.Debug|Any CPU.Build.0 = Debug|Any CPU
		{EA14FF69-35D8-4297-8199-5E1F6D4C0EC0}.Release|Any CPU.ActiveCfg = Release|Any CPU
		{EA14FF69-35D8-4297-8199-5E1F6D4C0EC0}.Release|Any CPU.Build.0 = Release|Any CPU
	EndGlobalSection
	GlobalSection(SolutionProperties) = preSolution
		HideSolutionNode = FALSE
	EndGlobalSection
	GlobalSection(ExtensibilityGlobals) = postSolution
		SolutionGuid = {F15B809B-107D-420B-9CB5-532CE4937BCD}
	EndGlobalSection
EndGlobal
